# This file is autogenerated, do not edit; changes may be undone by the next 'dep ensure'.


[[projects]]
  name = "github.com/Luzifer/rconfig"
  packages = ["."]
  revision = "c27bd3a64b5b19556914d9fec69922cf3852d585"
  version = "v1.1.0"

[[projects]]
  name = "github.com/mitchellh/go-homedir"
  packages = ["."]
  revision = "981ab348d865cf048eb7d17e78ac7192632d8415"

[[projects]]
  name = "github.com/spf13/pflag"
  packages = ["."]
  revision = "367864438f1b1a3c7db4da06a2f55b144e6784e0"

[[projects]]
  name = "gopkg.in/yaml.v2"
  packages = ["."]
  revision = "53feefa2559fb8dfa8d81baad31be332c97d6c77"

[solve-meta]
  analyzer-name = "dep"
  analyzer-version = 1
  inputs-digest = "e8701ef21ee7c5adc8bb62ed12a2337dcc6b9f9d9010b0a370d840f140cfc042"
  solver-name = "gps-cdcl"
  solver-version = 1
